
Microsoft Visual Studio Solution File, Format Version 12.00
# Visual Studio Version 18
VisualStudioVersion = 18.4.11626.88
MinimumVisualStudioVersion = 10.0.40219.1
Project("{2150E333-8FDC-42A3-9474-1A3956D46DE8}") = "BuildingBlocks", "BuildingBlocks", "{E8766FA6-1B26-43BE-842A-0EE5A1B11B86}"
EndProject
Project("{2150E333-8FDC-42A3-9474-1A3956D46DE8}") = "Services", "Services", "{F5AF1B8D-FAD7-4F42-8615-8D30CF74D761}"
EndProject
Project("{2150E333-8FDC-42A3-9474-1A3956D46DE8}") = "docker", "docker", "{1BD55180-ACCD-49A4-B2B9-5022C7688F22}"
EndProject
Project("{2150E333-8FDC-42A3-9474-1A3956D46DE8}") = "src", "src", "{1BDD0EDF-2CED-4D8A-990A-C42056643452}"
EndProject
Project("{2150E333-8FDC-42A3-9474-1A3956D46DE8}") = "Shared", "Shared", "{481B40E7-4AAF-4E8E-AAAB-D33B19F0630F}"
EndProject
Project("{2150E333-8FDC-42A3-9474-1A3956D46DE8}") = "Observability", "Observability", "{120B8CC3-11E4-41EF-9224-DC3B2C20CCD2}"
EndProject
Project("{2150E333-8FDC-42A3-9474-1A3956D46DE8}") = "Messaging", "Messaging", "{90805A72-32E2-44E9-A6DF-9F0B087D7242}"
EndProject
Project("{2150E333-8FDC-42A3-9474-1A3956D46DE8}") = "OrderService", "OrderService", "{1C17BAB3-BEAD-4E8B-9D26-0A057FFE157F}"
EndProject
Project("{2150E333-8FDC-42A3-9474-1A3956D46DE8}") = "InventoryService", "InventoryService", "{09AB6774-5772-4AB6-ACF5-349402C35214}"
EndProject
Project("{2150E333-8FDC-42A3-9474-1A3956D46DE8}") = "PaymentService", "PaymentService", "{43C28630-4AB1-466D-9511-40B721960CD2}"
EndProject
Project("{2150E333-8FDC-42A3-9474-1A3956D46DE8}") = "LoadGenerator", "LoadGenerator", "{E7478C9D-E448-478F-9DB5-8EF9111BE0A8}"
EndProject
Project("{2150E333-8FDC-42A3-9474-1A3956D46DE8}") = "tests", "tests", "{EE27783F-E7DB-4688-8CEF-62B97EBCF74B}"
EndProject
Project("{2150E333-8FDC-42A3-9474-1A3956D46DE8}") = "scripts", "scripts", "{D4BB2C98-29EA-4081-8AB9-421C16F87659}"
EndProject
Project("{FAE04EC0-301F-11D3-BF4B-00C04F79EFBC}") = "OrderService.Application", "src\Services\OrderService\OrderService.Application\OrderService.Application.csproj", "{7B3B4E95-6BA3-EA76-5197-E824424E8F5F}"
EndProject
Project("{FAE04EC0-301F-11D3-BF4B-00C04F79EFBC}") = "OrderService.Domain", "src\Services\OrderService\OrderService.Domain\OrderService.Domain.csproj", "{2CB95CDD-2347-AB1C-131E-88A397798FFD}"
EndProject
Project("{FAE04EC0-301F-11D3-BF4B-00C04F79EFBC}") = "OrderService.Infrastructure", "src\Services\OrderService\OrderService.Infrastructure\OrderService.Infrastructure.csproj", "{F5E4830D-75E8-CACE-D054-20F8A478CD12}"
EndProject
Project("{FAE04EC0-301F-11D3-BF4B-00C04F79EFBC}") = "InventoryService.Application", "src\Services\InventoryService\InventoryService.Application\InventoryService.Application.csproj", "{7C6C052D-BD80-3705-B4B5-898D7429DBD8}"
EndProject
Project("{FAE04EC0-301F-11D3-BF4B-00C04F79EFBC}") = "InventoryService.Domain", "src\Services\InventoryService\InventoryService.Domain\InventoryService.Domain.csproj", "{AD724540-09F0-6840-88B5-7E686588E0DE}"
EndProject
Project("{FAE04EC0-301F-11D3-BF4B-00C04F79EFBC}") = "InventoryService.Infrastructure", "src\Services\InventoryService\InventoryService.Infrastructure\InventoryService.Infrastructure.csproj", "{E91C2D8F-2EFD-08D0-D205-12C357B40CB1}"
EndProject
Project("{FAE04EC0-301F-11D3-BF4B-00C04F79EFBC}") = "PaymentService.Application", "src\Services\PaymentService\PaymentService.Application\PaymentService.Application.csproj", "{DE2C65B8-4F10-943F-93C3-D6970F02D0C7}"
EndProject
Project("{FAE04EC0-301F-11D3-BF4B-00C04F79EFBC}") = "PaymentService.Domain", "src\Services\PaymentService\PaymentService.Domain\PaymentService.Domain.csproj", "{6A1F07AE-2B01-B59F-B85B-749C81421BCC}"
EndProject
Project("{FAE04EC0-301F-11D3-BF4B-00C04F79EFBC}") = "PaymentService.Infrastructure", "src\Services\PaymentService\PaymentService.Infrastructure\PaymentService.Infrastructure.csproj", "{A45452CB-3292-CC1E-3F02-167E3EB77FC7}"
EndProject
Project("{FAE04EC0-301F-11D3-BF4B-00C04F79EFBC}") = "Messaging", "src\BuildingBlocks\Messaging\Messaging.csproj", "{3688027D-0478-2E93-D5A1-C03D5C8FE574}"
EndProject
Project("{FAE04EC0-301F-11D3-BF4B-00C04F79EFBC}") = "Observability", "src\BuildingBlocks\Observability\Observability.csproj", "{CAAC7B95-C76E-4184-7CB9-88DF0C45CD58}"
EndProject
Project("{FAE04EC0-301F-11D3-BF4B-00C04F79EFBC}") = "SharedKernel", "src\BuildingBlocks\SharedKernel\SharedKernel.csproj", "{9EB63748-DEAC-2BCD-E928-42DE2CCB841F}"
EndProject
Project("{FAE04EC0-301F-11D3-BF4B-00C04F79EFBC}") = "OrderService.Api", "src\Services\OrderService\OrderService.Api\OrderService.Api.csproj", "{94705DA4-5149-9E1F-A2B6-581409A82F53}"
EndProject
Project("{FAE04EC0-301F-11D3-BF4B-00C04F79EFBC}") = "InventoryService.Api", "src\Services\InventoryService\InventoryService.Api\InventoryService.Api.csproj", "{EC0A8BAD-FBBC-D2E6-474E-59F42CF85C3A}"
EndProject
Project("{FAE04EC0-301F-11D3-BF4B-00C04F79EFBC}") = "PaymentService.Api", "src\Services\PaymentService\PaymentService.Api\PaymentService.Api.csproj", "{B0CB0BAB-F1AF-8717-269A-CE892E468AAF}"
EndProject
Project("{FAE04EC0-301F-11D3-BF4B-00C04F79EFBC}") = "OrderService.Application.Async", "src\Services\OrderService\OrderService.Application.Async\OrderService.Application.Async.csproj", "{10EF0ECF-BDCA-DB88-A702-436AA981054C}"
EndProject
Global
	GlobalSection(SolutionConfigurationPlatforms) = preSolution
		Debug|Any CPU = Debug|Any CPU
		Release|Any CPU = Release|Any CPU
	EndGlobalSection
	GlobalSection(ProjectConfigurationPlatforms) = postSolution
		{7B3B4E95-6BA3-EA76-5197-E824424E8F5F}.Debug|Any CPU.ActiveCfg = Debug|Any CPU
		{7B3B4E95-6BA3-EA76-5197-E824424E8F5F}.Debug|Any CPU.Build.0 = Debug|Any CPU
		{7B3B4E95-6BA3-EA76-5197-E824424E8F5F}.Release|Any CPU.ActiveCfg = Release|Any CPU
		{7B3B4E95-6BA3-EA76-5197-E824424E8F5F}.Release|Any CPU.Build.0 = Release|Any CPU
		{2CB95CDD-2347-AB1C-131E-88A397798FFD}.Debug|Any CPU.ActiveCfg = Debug|Any CPU
		{2CB95CDD-2347-AB1C-131E-88A397798FFD}.Debug|Any CPU.Build.0 = Debug|Any CPU
		{2CB95CDD-2347-AB1C-131E-88A397798FFD}.Release|Any CPU.ActiveCfg = Release|Any CPU
		{2CB95CDD-2347-AB1C-131E-88A397798FFD}.Release|Any CPU.Build.0 = Release|Any CPU
		{F5E4830D-75E8-CACE-D054-20F8A478CD12}.Debug|Any CPU.ActiveCfg = Debug|Any CPU
		{F5E4830D-75E8-CACE-D054-20F8A478CD12}.Debug|Any CPU.Build.0 = Debug|Any CPU
		{F5E4830D-75E8-CACE-D054-20F8A478CD12}.Release|Any CPU.ActiveCfg = Release|Any CPU
		{F5E4830D-75E8-CACE-D054-20F8A478CD12}.Release|Any CPU.Build.0 = Release|Any CPU
		{7C6C052D-BD80-3705-B4B5-898D7429DBD8}.Debug|Any CPU.ActiveCfg = Debug|Any CPU
		{7C6C052D-BD80-3705-B4B5-898D7429DBD8}.Debug|Any CPU.Build.0 = Debug|Any CPU
		{7C6C052D-BD80-3705-B4B5-898D7429DBD8}.Release|Any CPU.ActiveCfg = Release|Any CPU
		{7C6C052D-BD80-3705-B4B5-898D7429DBD8}.Release|Any CPU.Build.0 = Release|Any CPU
		{AD724540-09F0-6840-88B5-7E686588E0DE}.Debug|Any CPU.ActiveCfg = Debug|Any CPU
		{AD724540-09F0-6840-88B5-7E686588E0DE}.Debug|Any CPU.Build.0 = Debug|Any CPU
		{AD724540-09F0-6840-88B5-7E686588E0DE}.Release|Any CPU.ActiveCfg = Release|Any CPU
		{AD724540-09F0-6840-88B5-7E686588E0DE}.Release|Any CPU.Build.0 = Release|Any CPU
		{E91C2D8F-2EFD-08D0-D205-12C357B40CB1}.Debug|Any CPU.ActiveCfg = Debug|Any CPU
		{E91C2D8F-2EFD-08D0-D205-12C357B40CB1}.Debug|Any CPU.Build.0 = Debug|Any CPU
		{E91C2D8F-2EFD-08D0-D205-12C357B40CB1}.Release|Any CPU.ActiveCfg = Release|Any CPU
		{E91C2D8F-2EFD-08D0-D205-12C357B40CB1}.Release|Any CPU.Build.0 = Release|Any CPU
		{DE2C65B8-4F10-943F-93C3-D6970F02D0C7}.Debug|Any CPU.ActiveCfg = Debug|Any CPU
		{DE2C65B8-4F10-943F-93C3-D6970F02D0C7}.Debug|Any CPU.Build.0 = Debug|Any CPU
		{DE2C65B8-4F10-943F-93C3-D6970F02D0C7}.Release|Any CPU.ActiveCfg = Release|Any CPU
		{DE2C65B8-4F10-943F-93C3-D6970F02D0C7}.Release|Any CPU.Build.0 = Release|Any CPU
		{6A1F07AE-2B01-B59F-B85B-749C81421BCC}.Debug|Any CPU.ActiveCfg = Debug|Any CPU
		{6A1F07AE-2B01-B59F-B85B-749C81421BCC}.Debug|Any CPU.Build.0 = Debug|Any CPU
		{6A1F07AE-2B01-B59F-B85B-749C81421BCC}.Release|Any CPU.ActiveCfg = Release|Any CPU
		{6A1F07AE-2B01-B59F-B85B-749C81421BCC}.Release|Any CPU.Build.0 = Release|Any CPU
		{A45452CB-3292-CC1E-3F02-167E3EB77FC7}.Debug|Any CPU.ActiveCfg = Debug|Any CPU
		{A45452CB-3292-CC1E-3F02-167E3EB77FC7}.Debug|Any CPU.Build.0 = Debug|Any CPU
		{A45452CB-3292-CC1E-3F02-167E3EB77FC7}.Release|Any CPU.ActiveCfg = Release|Any CPU
		{A45452CB-3292-CC1E-3F02-167E3EB77FC7}.Release|Any CPU.Build.0 = Release|Any CPU
		{3688027D-0478-2E93-D5A1-C03D5C8FE574}.Debug|Any CPU.ActiveCfg = Debug|Any CPU
		{3688027D-0478-2E93-D5A1-C03D5C8FE574}.Debug|Any CPU.Build.0 = Debug|Any CPU
		{3688027D-0478-2E93-D5A1-C03D5C8FE574}.Release|Any CPU.ActiveCfg = Release|Any CPU
		{3688027D-0478-2E93-D5A1-C03D5C8FE574}.Release|Any CPU.Build.0 = Release|Any CPU
		{CAAC7B95-C76E-4184-7CB9-88DF0C45CD58}.Debug|Any CPU.ActiveCfg = Debug|Any CPU
		{CAAC7B95-C76E-4184-7CB9-88DF0C45CD58}.Debug|Any CPU.Build.0 = Debug|Any CPU
		{CAAC7B95-C76E-4184-7CB9-88DF0C45CD58}.Release|Any CPU.ActiveCfg = Release|Any CPU
		{CAAC7B95-C76E-4184-7CB9-88DF0C45CD58}.Release|Any CPU.Build.0 = Release|Any CPU
		{9EB63748-DEAC-2BCD-E928-42DE2CCB841F}.Debug|Any CPU.ActiveCfg = Debug|Any CPU
		{9EB63748-DEAC-2BCD-E928-42DE2CCB841F}.Debug|Any CPU.Build.0 = Debug|Any CPU
		{9EB63748-DEAC-2BCD-E928-42DE2CCB841F}.Release|Any CPU.ActiveCfg = Release|Any CPU
		{9EB63748-DEAC-2BCD-E928-42DE2CCB841F}.Release|Any CPU.Build.0 = Release|Any CPU
		{94705DA4-5149-9E1F-A2B6-581409A82F53}.Debug|Any CPU.ActiveCfg = Debug|Any CPU
		{94705DA4-5149-9E1F-A2B6-581409A82F53}.Debug|Any CPU.Build.0 = Debug|Any CPU
		{94705DA4-5149-9E1F-A2B6-581409A82F53}.Release|Any CPU.ActiveCfg = Release|Any CPU
		{94705DA4-5149-9E1F-A2B6-581409A82F53}.Release|Any CPU.Build.0 = Release|Any CPU
		{EC0A8BAD-FBBC-D2E6-474E-59F42CF85C3A}.Debug|Any CPU.ActiveCfg = Debug|Any CPU
		{EC0A8BAD-FBBC-D2E6-474E-59F42CF85C3A}.Debug|Any CPU.Build.0 = Debug|Any CPU
		{EC0A8BAD-FBBC-D2E6-474E-59F42CF85C3A}.Release|Any CPU.ActiveCfg = Release|Any CPU
		{EC0A8BAD-FBBC-D2E6-474E-59F42CF85C3A}.Release|Any CPU.Build.0 = Release|Any CPU
		{B0CB0BAB-F1AF-8717-269A-CE892E468AAF}.Debug|Any CPU.ActiveCfg = Debug|Any CPU
		{B0CB0BAB-F1AF-8717-269A-CE892E468AAF}.Debug|Any CPU.Build.0 = Debug|Any CPU
		{B0CB0BAB-F1AF-8717-269A-CE892E468AAF}.Release|Any CPU.ActiveCfg = Release|Any CPU
		{B0CB0BAB-F1AF-8717-269A-CE892E468AAF}.Release|Any CPU.Build.0 = Release|Any CPU
		{10EF0ECF-BDCA-DB88-A702-436AA981054C}.Debug|Any CPU.ActiveCfg = Debug|Any CPU
		{10EF0ECF-BDCA-DB88-A702-436AA981054C}.Debug|Any CPU.Build.0 = Debug|Any CPU
		{10EF0ECF-BDCA-DB88-A702-436AA981054C}.Release|Any CPU.ActiveCfg = Release|Any CPU
		{10EF0ECF-BDCA-DB88-A702-436AA981054C}.Release|Any CPU.Build.0 = Release|Any CPU
	EndGlobalSection
	GlobalSection(SolutionProperties) = preSolution
		HideSolutionNode = FALSE
	EndGlobalSection
	GlobalSection(NestedProjects) = preSolution
		{E8766FA6-1B26-43BE-842A-0EE5A1B11B86} = {1BDD0EDF-2CED-4D8A-990A-C42056643452}
		{F5AF1B8D-FAD7-4F42-8615-8D30CF74D761} = {1BDD0EDF-2CED-4D8A-990A-C42056643452}
		{481B40E7-4AAF-4E8E-AAAB-D33B19F0630F} = {E8766FA6-1B26-43BE-842A-0EE5A1B11B86}
		{120B8CC3-11E4-41EF-9224-DC3B2C20CCD2} = {E8766FA6-1B26-43BE-842A-0EE5A1B11B86}
		{90805A72-32E2-44E9-A6DF-9F0B087D7242} = {E8766FA6-1B26-43BE-842A-0EE5A1B11B86}
		{1C17BAB3-BEAD-4E8B-9D26-0A057FFE157F} = {F5AF1B8D-FAD7-4F42-8615-8D30CF74D761}
		{09AB6774-5772-4AB6-ACF5-349402C35214} = {F5AF1B8D-FAD7-4F42-8615-8D30CF74D761}
		{43C28630-4AB1-466D-9511-40B721960CD2} = {F5AF1B8D-FAD7-4F42-8615-8D30CF74D761}
		{E7478C9D-E448-478F-9DB5-8EF9111BE0A8} = {1BDD0EDF-2CED-4D8A-990A-C42056643452}
		{7B3B4E95-6BA3-EA76-5197-E824424E8F5F} = {1C17BAB3-BEAD-4E8B-9D26-0A057FFE157F}
		{2CB95CDD-2347-AB1C-131E-88A397798FFD} = {1C17BAB3-BEAD-4E8B-9D26-0A057FFE157F}
		{F5E4830D-75E8-CACE-D054-20F8A478CD12} = {1C17BAB3-BEAD-4E8B-9D26-0A057FFE157F}
		{7C6C052D-BD80-3705-B4B5-898D7429DBD8} = {09AB6774-5772-4AB6-ACF5-349402C35214}
		{AD724540-09F0-6840-88B5-7E686588E0DE} = {09AB6774-5772-4AB6-ACF5-349402C35214}
		{E91C2D8F-2EFD-08D0-D205-12C357B40CB1} = {09AB6774-5772-4AB6-ACF5-349402C35214}
		{DE2C65B8-4F10-943F-93C3-D6970F02D0C7} = {43C28630-4AB1-466D-9511-40B721960CD2}
		{6A1F07AE-2B01-B59F-B85B-749C81421BCC} = {43C28630-4AB1-466D-9511-40B721960CD2}
		{A45452CB-3292-CC1E-3F02-167E3EB77FC7} = {43C28630-4AB1-466D-9511-40B721960CD2}
		{3688027D-0478-2E93-D5A1-C03D5C8FE574} = {90805A72-32E2-44E9-A6DF-9F0B087D7242}
		{CAAC7B95-C76E-4184-7CB9-88DF0C45CD58} = {120B8CC3-11E4-41EF-9224-DC3B2C20CCD2}
		{9EB63748-DEAC-2BCD-E928-42DE2CCB841F} = {481B40E7-4AAF-4E8E-AAAB-D33B19F0630F}
		{94705DA4-5149-9E1F-A2B6-581409A82F53} = {1C17BAB3-BEAD-4E8B-9D26-0A057FFE157F}
		{EC0A8BAD-FBBC-D2E6-474E-59F42CF85C3A} = {09AB6774-5772-4AB6-ACF5-349402C35214}
		{B0CB0BAB-F1AF-8717-269A-CE892E468AAF} = {43C28630-4AB1-466D-9511-40B721960CD2}
		{10EF0ECF-BDCA-DB88-A702-436AA981054C} = {1C17BAB3-BEAD-4E8B-9D26-0A057FFE157F}
	EndGlobalSection
	GlobalSection(ExtensibilityGlobals) = postSolution
		SolutionGuid = {1401BBBF-F3BF-4CCC-8EA2-F3509B593A05}
	EndGlobalSection
EndGlobal
